
Microsoft Visual Studio Solution File, Format Version 12.00
# Visual Studio Version 17
VisualStudioVersion = 17.8.34525.116
MinimumVisualStudioVersion = 10.0.40219.1
Project("{FAE04EC0-301F-11D3-BF4B-00C04F79EFBC}") = "CoreMVC", "CoreMVC\CoreMVC.csproj", "{B237D0BF-E5EC-44F2-AFA6-5F784028E42C}"
EndProject
Global
	GlobalSection(SolutionConfigurationPlatforms) = preSolution
		Debug|Any CPU = Debug|Any CPU
		Release|Any CPU = Release|Any CPU
	EndGlobalSection
	GlobalSection(ProjectConfigurationPlatforms) = postSolution
		{B237D0BF-E5EC-44F2-AFA6-5F784028E42C}.Debug|Any CPU.ActiveCfg = Debug|Any CPU
		{B237D0BF-E5EC-44F2-AFA6-5F784028E42C}.Debug|Any CPU.Build.0 = Debug|Any CPU
		{B237D0BF-E5EC-44F2-AFA6-5F784028E42C}.Release|Any CPU.ActiveCfg = Release|Any CPU
		{B237D0BF-E5EC-44F2-AFA6-5F784028E42C}.Release|Any CPU.Build.0 = Release|Any CPU
	EndGlobalSection
	GlobalSection(SolutionProperties) = preSolution
		HideSolutionNode = FALSE
	EndGlobalSection
	GlobalSection(ExtensibilityGlobals) = postSolution
		SolutionGuid = {B422B9B0-E5FD-43CC-B105-1603E6FCE24A}
	EndGlobalSection
EndGlobal
